// !$*UTF8*$!
{
    archiveVersion = 1;
    classes = {
    };
    objectVersion = 50;
    objects = {
        13B07F861A680F5B00A75A82 /* Runner.app */ = {
            isa = PBXFileReference;
            explicitFileType = wrapper.application;
            includeInIndex = 0;
            path = "Runner.app";
            sourceTree = BUILT_PRODUCTS_DIR;
        };
        13B07F8C1A680F5B00A75A82 /* Runner */ = {
            isa = PBXNativeTarget;
            buildConfigurationList = 13B07F8F1A680F5B00A75A82 /* Build configuration list */;
            buildPhases = (
                13B07F8B1A680F5B00A75A82 /* Sources */,
                13B07F8A1A680F5B00A75A82 /* Frameworks */,
                13B07F891A680F5B00A75A82 /* Resources */,
            );
            buildRules = (
            );
            dependencies = (
            );
            name = Runner;
            productName = Runner;
            productReference = 13B07F861A680F5B00A75A82 /* Runner.app */;
            productType = "com.apple.product-type.application";
        };
        13B07F941A680F5B00A75A82 /* Debug */ = {
            isa = XCBuildConfiguration;
            buildSettings = {
                ALWAYS_SEARCH_USER_PATHS = NO;
                CLANG_WARN_DOCUMENTATION_COMMENTS = YES;
                CODE_SIGN_STYLE = Automatic;
                DEVELOPMENT_TEAM = "";
                INFOPLIST_FILE = "Runner/Info.plist";
                PRODUCT_BUNDLE_IDENTIFIER = "com.example.budgetApp";
                SWIFT_VERSION = 5.0;
            };
            name = Debug;
        };
        13B07F951A680F5B00A75A82 /* Release */ = {
            isa = XCBuildConfiguration;
            buildSettings = {
                ALWAYS_SEARCH_USER_PATHS = NO;
                CLANG_WARN_DOCUMENTATION_COMMENTS = YES;
                CODE_SIGN_STYLE = Automatic;
                DEVELOPMENT_TEAM = "";
                INFOPLIST_FILE = "Runner/Info.plist";
                PRODUCT_BUNDLE_IDENTIFIER = "com.example.budgetApp";
                SWIFT_VERSION = 5.0;
            };
            name = Release;
        };
        13B07F8F1A680F5B00A75A82 /* Build configuration list */ = {
            isa = XCConfigurationList;
            buildConfigurations = (
                13B07F941A680F5B00A75A82 /* Debug */,
                13B07F951A680F5B00A75A82 /* Release */,
            );
            defaultConfigurationIsVisible = 0;
            defaultConfigurationName = Release;
        };
    };
    rootObject = 13B07F8C1A680F5B00A75A82 /* Runner */;
}
